
Microsoft Visual Studio Solution File, Format Version 12.00
# Visual Studio Version 17
VisualStudioVersion = 17.6.33712.159
MinimumVisualStudioVersion = 10.0.40219.1
Project("{FAE04EC0-301F-11D3-BF4B-00C04F79EFBC}") = "Movie_Tickets_Booking", "Movie_Tickets_Booking.csproj", "{19A3E779-C694-47F5-8C1C-3FD74F9C8B20}"
EndProject
Global
	GlobalSection(SolutionConfigurationPlatforms) = preSolution
		Debug|Any CPU = Debug|Any CPU
		Release|Any CPU = Release|Any CPU
	EndGlobalSection
	GlobalSection(ProjectConfigurationPlatforms) = postSolution
		{19A3E779-C694-47F5-8C1C-3FD74F9C8B20}.Debug|Any CPU.ActiveCfg = Debug|Any CPU
		{19A3E779-C694-47F5-8C1C-3FD74F9C8B20}.Debug|Any CPU.Build.0 = Debug|Any CPU
		{19A3E779-C694-47F5-8C1C-3FD74F9C8B20}.Release|Any CPU.ActiveCfg = Release|Any CPU
		{19A3E779-C694-47F5-8C1C-3FD74F9C8B20}.Release|Any CPU.Build.0 = Release|Any CPU
	EndGlobalSection
	GlobalSection(SolutionProperties) = preSolution
		HideSolutionNode = FALSE
	EndGlobalSection
	GlobalSection(ExtensibilityGlobals) = postSolution
		SolutionGuid = {7BA093FF-C9D5-4046-B91E-F4C358E83A14}
	EndGlobalSection
EndGlobal
